
Microsoft Visual Studio Solution File, Format Version 12.00
# Visual Studio 15
VisualStudioVersion = 15.0.26730.8
MinimumVisualStudioVersion = 10.0.40219.1
Project("{9A19103F-16F7-4668-BE54-9A1E7A4F7556}") = "Enclave.NET", "Enclave.NET\Enclave.NET.csproj", "{27D0B92B-D70B-43AB-AC53-C6EFD41BEE53}"
EndProject
Project("{9A19103F-16F7-4668-BE54-9A1E7A4F7556}") = "Enclave.ServiceHost", "Enclave.ServiceHost\Enclave.ServiceHost.csproj", "{1A1790C4-9BF4-4BE5-A2A2-08F2FAE75D9D}"
EndProject
Project("{2150E333-8FDC-42A3-9474-1A3956D46DE8}") = "Samples", "Samples", "{39D00364-9510-457A-98CC-B56515E0E74D}"
EndProject
Project("{FAE04EC0-301F-11D3-BF4B-00C04F79EFBC}") = "ConsoleApp1", "Samples\ConsoleApp1\ConsoleApp1.csproj", "{C113C11F-91F0-4E56-824F-70E37B3BC7AB}"
EndProject
Global
	GlobalSection(SolutionConfigurationPlatforms) = preSolution
		Debug|Any CPU = Debug|Any CPU
		Release|Any CPU = Release|Any CPU
	EndGlobalSection
	GlobalSection(ProjectConfigurationPlatforms) = postSolution
		{27D0B92B-D70B-43AB-AC53-C6EFD41BEE53}.Debug|Any CPU.ActiveCfg = Debug|Any CPU
		{27D0B92B-D70B-43AB-AC53-C6EFD41BEE53}.Debug|Any CPU.Build.0 = Debug|Any CPU
		{27D0B92B-D70B-43AB-AC53-C6EFD41BEE53}.Release|Any CPU.ActiveCfg = Release|Any CPU
		{27D0B92B-D70B-43AB-AC53-C6EFD41BEE53}.Release|Any CPU.Build.0 = Release|Any CPU
		{1A1790C4-9BF4-4BE5-A2A2-08F2FAE75D9D}.Debug|Any CPU.ActiveCfg = Debug|Any CPU
		{1A1790C4-9BF4-4BE5-A2A2-08F2FAE75D9D}.Debug|Any CPU.Build.0 = Debug|Any CPU
		{1A1790C4-9BF4-4BE5-A2A2-08F2FAE75D9D}.Release|Any CPU.ActiveCfg = Release|Any CPU
		{1A1790C4-9BF4-4BE5-A2A2-08F2FAE75D9D}.Release|Any CPU.Build.0 = Release|Any CPU
		{C113C11F-91F0-4E56-824F-70E37B3BC7AB}.Debug|Any CPU.ActiveCfg = Debug|Any CPU
		{C113C11F-91F0-4E56-824F-70E37B3BC7AB}.Debug|Any CPU.Build.0 = Debug|Any CPU
		{C113C11F-91F0-4E56-824F-70E37B3BC7AB}.Release|Any CPU.ActiveCfg = Release|Any CPU
		{C113C11F-91F0-4E56-824F-70E37B3BC7AB}.Release|Any CPU.Build.0 = Release|Any CPU
	EndGlobalSection
	GlobalSection(SolutionProperties) = preSolution
		HideSolutionNode = FALSE
	EndGlobalSection
	GlobalSection(NestedProjects) = preSolution
		{C113C11F-91F0-4E56-824F-70E37B3BC7AB} = {39D00364-9510-457A-98CC-B56515E0E74D}
	EndGlobalSection
	GlobalSection(ExtensibilityGlobals) = postSolution
		SolutionGuid = {6FF640B0-E19A-47BD-9665-29134900FF60}
	EndGlobalSection
EndGlobal
